
Microsoft Visual Studio Solution File, Format Version 12.00
# Visual Studio 15
VisualStudioVersion = 15.0.27004.2008
MinimumVisualStudioVersion = 10.0.40219.1
Project("{FAE04EC0-301F-11D3-BF4B-00C04F79EFBC}") = "WT_Core", "WT_Core\WT_Core.csproj", "{0196CD68-0500-4E76-B2E8-DFCFA6EA9406}"
	ProjectSection(ProjectDependencies) = postProject
		{EC96CF69-CBA4-4620-B7C4-204001025151} = {EC96CF69-CBA4-4620-B7C4-204001025151}
	EndProjectSection
EndProject
Project("{FAE04EC0-301F-11D3-BF4B-00C04F79EFBC}") = "TestWT", "TestWT\TestWT.csproj", "{EBE984A7-496E-4868-82C5-679494699BE4}"
	ProjectSection(ProjectDependencies) = postProject
		{817DC65E-B411-4610-8467-D3A31736A307} = {817DC65E-B411-4610-8467-D3A31736A307}
		{0196CD68-0500-4E76-B2E8-DFCFA6EA9406} = {0196CD68-0500-4E76-B2E8-DFCFA6EA9406}
		{EC96CF69-CBA4-4620-B7C4-204001025151} = {EC96CF69-CBA4-4620-B7C4-204001025151}
	EndProjectSection
EndProject
Project("{FAE04EC0-301F-11D3-BF4B-00C04F79EFBC}") = "WT_Strategy", "WT_Strategy\WT_Strategy.csproj", "{817DC65E-B411-4610-8467-D3A31736A307}"
	ProjectSection(ProjectDependencies) = postProject
		{0196CD68-0500-4E76-B2E8-DFCFA6EA9406} = {0196CD68-0500-4E76-B2E8-DFCFA6EA9406}
		{EC96CF69-CBA4-4620-B7C4-204001025151} = {EC96CF69-CBA4-4620-B7C4-204001025151}
	EndProjectSection
EndProject
Project("{FAE04EC0-301F-11D3-BF4B-00C04F79EFBC}") = "WindTunnel", "WindTunnel\WindTunnel.csproj", "{6A254471-8477-4717-AB58-F1C20A7494BB}"
EndProject
Project("{FAE04EC0-301F-11D3-BF4B-00C04F79EFBC}") = "WT_CTP", "WT_CTP\WT_CTP.csproj", "{287BF882-C2C5-4D63-91F4-A5F5E2E697EE}"
	ProjectSection(ProjectDependencies) = postProject
		{0196CD68-0500-4E76-B2E8-DFCFA6EA9406} = {0196CD68-0500-4E76-B2E8-DFCFA6EA9406}
	EndProjectSection
EndProject
Project("{FAE04EC0-301F-11D3-BF4B-00C04F79EFBC}") = "Proxy", "Proxy\Proxy.csproj", "{EC96CF69-CBA4-4620-B7C4-204001025151}"
EndProject
Project("{FAE04EC0-301F-11D3-BF4B-00C04F79EFBC}") = "WT_UI", "WT_UI\WT_UI.csproj", "{AA42BBBD-31B8-4D0C-8F61-26D0F77B4C34}"
EndProject
Project("{FAE04EC0-301F-11D3-BF4B-00C04F79EFBC}") = "WT_Platform", "WT_Platform\WT_Platform.csproj", "{2684177F-8759-487A-BC36-20F5FF2E0EF4}"
	ProjectSection(ProjectDependencies) = postProject
		{2146B50F-3FEF-4287-9419-27006D6AB08A} = {2146B50F-3FEF-4287-9419-27006D6AB08A}
		{EC96CF69-CBA4-4620-B7C4-204001025151} = {EC96CF69-CBA4-4620-B7C4-204001025151}
	EndProjectSection
EndProject
Project("{FAE04EC0-301F-11D3-BF4B-00C04F79EFBC}") = "WT_Database", "WT_Database\WT_Database.csproj", "{2146B50F-3FEF-4287-9419-27006D6AB08A}"
	ProjectSection(ProjectDependencies) = postProject
		{0196CD68-0500-4E76-B2E8-DFCFA6EA9406} = {0196CD68-0500-4E76-B2E8-DFCFA6EA9406}
		{EC96CF69-CBA4-4620-B7C4-204001025151} = {EC96CF69-CBA4-4620-B7C4-204001025151}
	EndProjectSection
EndProject
Global
	GlobalSection(SolutionConfigurationPlatforms) = preSolution
		Debug|Any CPU = Debug|Any CPU
		Debug|x64 = Debug|x64
		Debug|x86 = Debug|x86
		Release|Any CPU = Release|Any CPU
		Release|x64 = Release|x64
		Release|x86 = Release|x86
	EndGlobalSection
	GlobalSection(ProjectConfigurationPlatforms) = postSolution
		{0196CD68-0500-4E76-B2E8-DFCFA6EA9406}.Debug|Any CPU.ActiveCfg = Debug|Any CPU
		{0196CD68-0500-4E76-B2E8-DFCFA6EA9406}.Debug|Any CPU.Build.0 = Debug|Any CPU
		{0196CD68-0500-4E76-B2E8-DFCFA6EA9406}.Debug|x64.ActiveCfg = Debug|Any CPU
		{0196CD68-0500-4E76-B2E8-DFCFA6EA9406}.Debug|x64.Build.0 = Debug|Any CPU
		{0196CD68-0500-4E76-B2E8-DFCFA6EA9406}.Debug|x86.ActiveCfg = Debug|Any CPU
		{0196CD68-0500-4E76-B2E8-DFCFA6EA9406}.Debug|x86.Build.0 = Debug|Any CPU
		{0196CD68-0500-4E76-B2E8-DFCFA6EA9406}.Release|Any CPU.ActiveCfg = Release|Any CPU
		{0196CD68-0500-4E76-B2E8-DFCFA6EA9406}.Release|Any CPU.Build.0 = Release|Any CPU
		{0196CD68-0500-4E76-B2E8-DFCFA6EA9406}.Release|x64.ActiveCfg = Release|Any CPU
		{0196CD68-0500-4E76-B2E8-DFCFA6EA9406}.Release|x64.Build.0 = Release|Any CPU
		{0196CD68-0500-4E76-B2E8-DFCFA6EA9406}.Release|x86.ActiveCfg = Release|Any CPU
		{0196CD68-0500-4E76-B2E8-DFCFA6EA9406}.Release|x86.Build.0 = Release|Any CPU
		{EBE984A7-496E-4868-82C5-679494699BE4}.Debug|Any CPU.ActiveCfg = Debug|Any CPU
		{EBE984A7-496E-4868-82C5-679494699BE4}.Debug|Any CPU.Build.0 = Debug|Any CPU
		{EBE984A7-496E-4868-82C5-679494699BE4}.Debug|x64.ActiveCfg = Debug|Any CPU
		{EBE984A7-496E-4868-82C5-679494699BE4}.Debug|x64.Build.0 = Debug|Any CPU
		{EBE984A7-496E-4868-82C5-679494699BE4}.Debug|x86.ActiveCfg = Debug|Any CPU
		{EBE984A7-496E-4868-82C5-679494699BE4}.Debug|x86.Build.0 = Debug|Any CPU
		{EBE984A7-496E-4868-82C5-679494699BE4}.Release|Any CPU.ActiveCfg = Release|Any CPU
		{EBE984A7-496E-4868-82C5-679494699BE4}.Release|Any CPU.Build.0 = Release|Any CPU
		{EBE984A7-496E-4868-82C5-679494699BE4}.Release|x64.ActiveCfg = Release|Any CPU
		{EBE984A7-496E-4868-82C5-679494699BE4}.Release|x64.Build.0 = Release|Any CPU
		{EBE984A7-496E-4868-82C5-679494699BE4}.Release|x86.ActiveCfg = Release|Any CPU
		{EBE984A7-496E-4868-82C5-679494699BE4}.Release|x86.Build.0 = Release|Any CPU
		{817DC65E-B411-4610-8467-D3A31736A307}.Debug|Any CPU.ActiveCfg = Debug|Any CPU
		{817DC65E-B411-4610-8467-D3A31736A307}.Debug|Any CPU.Build.0 = Debug|Any CPU
		{817DC65E-B411-4610-8467-D3A31736A307}.Debug|x64.ActiveCfg = Debug|Any CPU
		{817DC65E-B411-4610-8467-D3A31736A307}.Debug|x64.Build.0 = Debug|Any CPU
		{817DC65E-B411-4610-8467-D3A31736A307}.Debug|x86.ActiveCfg = Debug|Any CPU
		{817DC65E-B411-4610-8467-D3A31736A307}.Debug|x86.Build.0 = Debug|Any CPU
		{817DC65E-B411-4610-8467-D3A31736A307}.Release|Any CPU.ActiveCfg = Release|Any CPU
		{817DC65E-B411-4610-8467-D3A31736A307}.Release|Any CPU.Build.0 = Release|Any CPU
		{817DC65E-B411-4610-8467-D3A31736A307}.Release|x64.ActiveCfg = Release|Any CPU
		{817DC65E-B411-4610-8467-D3A31736A307}.Release|x64.Build.0 = Release|Any CPU
		{817DC65E-B411-4610-8467-D3A31736A307}.Release|x86.ActiveCfg = Release|Any CPU
		{817DC65E-B411-4610-8467-D3A31736A307}.Release|x86.Build.0 = Release|Any CPU
		{6A254471-8477-4717-AB58-F1C20A7494BB}.Debug|Any CPU.ActiveCfg = Debug|Any CPU
		{6A254471-8477-4717-AB58-F1C20A7494BB}.Debug|Any CPU.Build.0 = Debug|Any CPU
		{6A254471-8477-4717-AB58-F1C20A7494BB}.Debug|x64.ActiveCfg = Debug|Any CPU
		{6A254471-8477-4717-AB58-F1C20A7494BB}.Debug|x64.Build.0 = Debug|Any CPU
		{6A254471-8477-4717-AB58-F1C20A7494BB}.Debug|x86.ActiveCfg = Debug|Any CPU
		{6A254471-8477-4717-AB58-F1C20A7494BB}.Debug|x86.Build.0 = Debug|Any CPU
		{6A254471-8477-4717-AB58-F1C20A7494BB}.Release|Any CPU.ActiveCfg = Release|Any CPU
		{6A254471-8477-4717-AB58-F1C20A7494BB}.Release|Any CPU.Build.0 = Release|Any CPU
		{6A254471-8477-4717-AB58-F1C20A7494BB}.Release|x64.ActiveCfg = Release|Any CPU
		{6A254471-8477-4717-AB58-F1C20A7494BB}.Release|x64.Build.0 = Release|Any CPU
		{6A254471-8477-4717-AB58-F1C20A7494BB}.Release|x86.ActiveCfg = Release|Any CPU
		{6A254471-8477-4717-AB58-F1C20A7494BB}.Release|x86.Build.0 = Release|Any CPU
		{287BF882-C2C5-4D63-91F4-A5F5E2E697EE}.Debug|Any CPU.ActiveCfg = Debug|Any CPU
		{287BF882-C2C5-4D63-91F4-A5F5E2E697EE}.Debug|Any CPU.Build.0 = Debug|Any CPU
		{287BF882-C2C5-4D63-91F4-A5F5E2E697EE}.Debug|x64.ActiveCfg = Debug|Any CPU
		{287BF882-C2C5-4D63-91F4-A5F5E2E697EE}.Debug|x64.Build.0 = Debug|Any CPU
		{287BF882-C2C5-4D63-91F4-A5F5E2E697EE}.Debug|x86.ActiveCfg = Debug|Any CPU
		{287BF882-C2C5-4D63-91F4-A5F5E2E697EE}.Debug|x86.Build.0 = Debug|Any CPU
		{287BF882-C2C5-4D63-91F4-A5F5E2E697EE}.Release|Any CPU.ActiveCfg = Release|Any CPU
		{287BF882-C2C5-4D63-91F4-A5F5E2E697EE}.Release|Any CPU.Build.0 = Release|Any CPU
		{287BF882-C2C5-4D63-91F4-A5F5E2E697EE}.Release|x64.ActiveCfg = Release|Any CPU
		{287BF882-C2C5-4D63-91F4-A5F5E2E697EE}.Release|x64.Build.0 = Release|Any CPU
		{287BF882-C2C5-4D63-91F4-A5F5E2E697EE}.Release|x86.ActiveCfg = Release|Any CPU
		{287BF882-C2C5-4D63-91F4-A5F5E2E697EE}.Release|x86.Build.0 = Release|Any CPU
		{EC96CF69-CBA4-4620-B7C4-204001025151}.Debug|Any CPU.ActiveCfg = Debug|Any CPU
		{EC96CF69-CBA4-4620-B7C4-204001025151}.Debug|Any CPU.Build.0 = Debug|Any CPU
		{EC96CF69-CBA4-4620-B7C4-204001025151}.Debug|x64.ActiveCfg = Debug|x64
		{EC96CF69-CBA4-4620-B7C4-204001025151}.Debug|x64.Build.0 = Debug|x64
		{EC96CF69-CBA4-4620-B7C4-204001025151}.Debug|x86.ActiveCfg = Debug|Any CPU
		{EC96CF69-CBA4-4620-B7C4-204001025151}.Debug|x86.Build.0 = Debug|Any CPU
		{EC96CF69-CBA4-4620-B7C4-204001025151}.Release|Any CPU.ActiveCfg = Release|Any CPU
		{EC96CF69-CBA4-4620-B7C4-204001025151}.Release|Any CPU.Build.0 = Release|Any CPU
		{EC96CF69-CBA4-4620-B7C4-204001025151}.Release|x64.ActiveCfg = Release|x64
		{EC96CF69-CBA4-4620-B7C4-204001025151}.Release|x64.Build.0 = Release|x64
		{EC96CF69-CBA4-4620-B7C4-204001025151}.Release|x86.ActiveCfg = Release|Any CPU
		{EC96CF69-CBA4-4620-B7C4-204001025151}.Release|x86.Build.0 = Release|Any CPU
		{AA42BBBD-31B8-4D0C-8F61-26D0F77B4C34}.Debug|Any CPU.ActiveCfg = Debug|Any CPU
		{AA42BBBD-31B8-4D0C-8F61-26D0F77B4C34}.Debug|Any CPU.Build.0 = Debug|Any CPU
		{AA42BBBD-31B8-4D0C-8F61-26D0F77B4C34}.Debug|x64.ActiveCfg = Debug|Any CPU
		{AA42BBBD-31B8-4D0C-8F61-26D0F77B4C34}.Debug|x64.Build.0 = Debug|Any CPU
		{AA42BBBD-31B8-4D0C-8F61-26D0F77B4C34}.Debug|x86.ActiveCfg = Debug|Any CPU
		{AA42BBBD-31B8-4D0C-8F61-26D0F77B4C34}.Debug|x86.Build.0 = Debug|Any CPU
		{AA42BBBD-31B8-4D0C-8F61-26D0F77B4C34}.Release|Any CPU.ActiveCfg = Release|Any CPU
		{AA42BBBD-31B8-4D0C-8F61-26D0F77B4C34}.Release|Any CPU.Build.0 = Release|Any CPU
		{AA42BBBD-31B8-4D0C-8F61-26D0F77B4C34}.Release|x64.ActiveCfg = Release|Any CPU
		{AA42BBBD-31B8-4D0C-8F61-26D0F77B4C34}.Release|x64.Build.0 = Release|Any CPU
		{AA42BBBD-31B8-4D0C-8F61-26D0F77B4C34}.Release|x86.ActiveCfg = Release|Any CPU
		{AA42BBBD-31B8-4D0C-8F61-26D0F77B4C34}.Release|x86.Build.0 = Release|Any CPU
		{2684177F-8759-487A-BC36-20F5FF2E0EF4}.Debug|Any CPU.ActiveCfg = Debug|Any CPU
		{2684177F-8759-487A-BC36-20F5FF2E0EF4}.Debug|Any CPU.Build.0 = Debug|Any CPU
		{2684177F-8759-487A-BC36-20F5FF2E0EF4}.Debug|x64.ActiveCfg = Debug|Any CPU
		{2684177F-8759-487A-BC36-20F5FF2E0EF4}.Debug|x64.Build.0 = Debug|Any CPU
		{2684177F-8759-487A-BC36-20F5FF2E0EF4}.Debug|x86.ActiveCfg = Debug|Any CPU
		{2684177F-8759-487A-BC36-20F5FF2E0EF4}.Debug|x86.Build.0 = Debug|Any CPU
		{2684177F-8759-487A-BC36-20F5FF2E0EF4}.Release|Any CPU.ActiveCfg = Release|Any CPU
		{2684177F-8759-487A-BC36-20F5FF2E0EF4}.Release|Any CPU.Build.0 = Release|Any CPU
		{2684177F-8759-487A-BC36-20F5FF2E0EF4}.Release|x64.ActiveCfg = Release|Any CPU
		{2684177F-8759-487A-BC36-20F5FF2E0EF4}.Release|x64.Build.0 = Release|Any CPU
		{2684177F-8759-487A-BC36-20F5FF2E0EF4}.Release|x86.ActiveCfg = Release|Any CPU
		{2684177F-8759-487A-BC36-20F5FF2E0EF4}.Release|x86.Build.0 = Release|Any CPU
		{2146B50F-3FEF-4287-9419-27006D6AB08A}.Debug|Any CPU.ActiveCfg = Debug|Any CPU
		{2146B50F-3FEF-4287-9419-27006D6AB08A}.Debug|Any CPU.Build.0 = Debug|Any CPU
		{2146B50F-3FEF-4287-9419-27006D6AB08A}.Debug|x64.ActiveCfg = Debug|x64
		{2146B50F-3FEF-4287-9419-27006D6AB08A}.Debug|x64.Build.0 = Debug|x64
		{2146B50F-3FEF-4287-9419-27006D6AB08A}.Debug|x86.ActiveCfg = Debug|Any CPU
		{2146B50F-3FEF-4287-9419-27006D6AB08A}.Debug|x86.Build.0 = Debug|Any CPU
		{2146B50F-3FEF-4287-9419-27006D6AB08A}.Release|Any CPU.ActiveCfg = Release|Any CPU
		{2146B50F-3FEF-4287-9419-27006D6AB08A}.Release|Any CPU.Build.0 = Release|Any CPU
		{2146B50F-3FEF-4287-9419-27006D6AB08A}.Release|x64.ActiveCfg = Release|Any CPU
		{2146B50F-3FEF-4287-9419-27006D6AB08A}.Release|x64.Build.0 = Release|Any CPU
		{2146B50F-3FEF-4287-9419-27006D6AB08A}.Release|x86.ActiveCfg = Release|Any CPU
		{2146B50F-3FEF-4287-9419-27006D6AB08A}.Release|x86.Build.0 = Release|Any CPU
	EndGlobalSection
	GlobalSection(SolutionProperties) = preSolution
		HideSolutionNode = FALSE
	EndGlobalSection
	GlobalSection(ExtensibilityGlobals) = postSolution
		SolutionGuid = {16A83F66-2F44-4681-8AFF-60C7620E01B6}
	EndGlobalSection
EndGlobal
